# This file is automatically @generated by Poetry 1.8.3 and should not be changed by hand.

[[package]]
name = "ruff"
version = "0.6.6"
description = "An extremely fast Python linter and code formatter, written in Rust."
optional = false
python-versions = ">=3.7"
files = [
    {file = "ruff-0.6.6-py3-none-linux_armv6l.whl", hash = "sha256:f5bc5398457484fc0374425b43b030e4668ed4d2da8ee7fdda0e926c9f11ccfb"},
    {file = "ruff-0.6.6-py3-none-macosx_10_12_x86_64.whl", hash = "sha256:515a698254c9c47bb84335281a170213b3ee5eb47feebe903e1be10087a167ce"},
    {file = "ruff-0.6.6-py3-none-macosx_11_0_arm64.whl", hash = "sha256:6bb1b4995775f1837ab70f26698dd73852bbb82e8f70b175d2713c0354fe9182"},
    {file = "ruff-0.6.6-py3-none-manylinux_2_17_aarch64.manylinux2014_aarch64.whl", hash = "sha256:69c546f412dfae8bb9cc4f27f0e45cdd554e42fecbb34f03312b93368e1cd0a6"},
    {file = "ruff-0.6.6-py3-none-manylinux_2_17_armv7l.manylinux2014_armv7l.whl", hash = "sha256:59627e97364329e4eae7d86fa7980c10e2b129e2293d25c478ebcb861b3e3fd6"},
    {file = "ruff-0.6.6-py3-none-manylinux_2_17_i686.manylinux2014_i686.whl", hash = "sha256:94c3f78c3d32190aafbb6bc5410c96cfed0a88aadb49c3f852bbc2aa9783a7d8"},
    {file = "ruff-0.6.6-py3-none-manylinux_2_17_ppc64.manylinux2014_ppc64.whl", hash = "sha256:704da526c1e137f38c8a067a4a975fe6834b9f8ba7dbc5fd7503d58148851b8f"},
    {file = "ruff-0.6.6-py3-none-manylinux_2_17_ppc64le.manylinux2014_ppc64le.whl", hash = "sha256:efeede5815a24104579a0f6320660536c5ffc1c91ae94f8c65659af915fb9de9"},
    {file = "ruff-0.6.6-py3-none-manylinux_2_17_s390x.manylinux2014_s390x.whl", hash = "sha256:e368aef0cc02ca3593eae2fb8186b81c9c2b3f39acaaa1108eb6b4d04617e61f"},
    {file = "ruff-0.6.6-py3-none-manylinux_2_17_x86_64.manylinux2014_x86_64.whl", hash = "sha256:2653fc3b2a9315bd809725c88dd2446550099728d077a04191febb5ea79a4f79"},
    {file = "ruff-0.6.6-py3-none-musllinux_1_2_aarch64.whl", hash = "sha256:bb858cd9ce2d062503337c5b9784d7b583bcf9d1a43c4df6ccb5eab774fbafcb"},
    {file = "ruff-0.6.6-py3-none-musllinux_1_2_armv7l.whl", hash = "sha256:488f8e15c01ea9afb8c0ba35d55bd951f484d0c1b7c5fd746ce3c47ccdedce68"},
    {file = "ruff-0.6.6-py3-none-musllinux_1_2_i686.whl", hash = "sha256:aefb0bd15f1cfa4c9c227b6120573bb3d6c4ee3b29fb54a5ad58f03859bc43c6"},
    {file = "ruff-0.6.6-py3-none-musllinux_1_2_x86_64.whl", hash = "sha256:a4c0698cc780bcb2c61496cbd56b6a3ac0ad858c966652f7dbf4ceb029252fbe"},
    {file = "ruff-0.6.6-py3-none-win32.whl", hash = "sha256:aadf81ddc8ab5b62da7aae78a91ec933cbae9f8f1663ec0325dae2c364e4ad84"},
    {file = "ruff-0.6.6-py3-none-win_amd64.whl", hash = "sha256:0adb801771bc1f1b8cf4e0a6fdc30776e7c1894810ff3b344e50da82ef50eeb1"},
    {file = "ruff-0.6.6-py3-none-win_arm64.whl", hash = "sha256:4b4d32c137bc781c298964dd4e52f07d6f7d57c03eae97a72d97856844aa510a"},
    {file = "ruff-0.6.6.tar.gz", hash = "sha256:0fc030b6fd14814d69ac0196396f6761921bd20831725c7361e1b8100b818034"},
]

[metadata]
lock-version = "2.0"
python-versions = "^3.12"
content-hash = "ceec6425f6e950f13aa5461f80a8e5fd216e457e2dca76d7947d8fab570d22c9"
